
Microsoft Visual Studio Solution File, Format Version 12.00
# Visual Studio Version 17
VisualStudioVersion = 17.11.35327.3
MinimumVisualStudioVersion = 10.0.40219.1
Project("{FAE04EC0-301F-11D3-BF4B-00C04F79EFBC}") = "API", "API.csproj", "{9770A8DF-FA41-467D-A002-EBDA7BA165FC}"
EndProject
Global
	GlobalSection(SolutionConfigurationPlatforms) = preSolution
		Debug|Any CPU = Debug|Any CPU
		Release|Any CPU = Release|Any CPU
	EndGlobalSection
	GlobalSection(ProjectConfigurationPlatforms) = postSolution
		{9770A8DF-FA41-467D-A002-EBDA7BA165FC}.Debug|Any CPU.ActiveCfg = Debug|Any CPU
		{9770A8DF-FA41-467D-A002-EBDA7BA165FC}.Debug|Any CPU.Build.0 = Debug|Any CPU
		{9770A8DF-FA41-467D-A002-EBDA7BA165FC}.Release|Any CPU.ActiveCfg = Release|Any CPU
		{9770A8DF-FA41-467D-A002-EBDA7BA165FC}.Release|Any CPU.Build.0 = Release|Any CPU
	EndGlobalSection
	GlobalSection(SolutionProperties) = preSolution
		HideSolutionNode = FALSE
	EndGlobalSection
	GlobalSection(ExtensibilityGlobals) = postSolution
		SolutionGuid = {F610D86F-0106-410C-B717-47A6000F7D0E}
	EndGlobalSection
EndGlobal
